// !$*UTF8*$!
{
	archiveVersion = 1;
	classes = {
	};
	objectVersion = 46;
	objects = {

/* Begin PBXBuildFile section */
		A4FE7BF01F470A5700C13C00 /* AppDelegate.swift in Sources */ = {isa = PBXBuildFile; fileRef = A4FE7BEF1F470A5700C13C00 /* AppDelegate.swift */; };
		A4FE7BF21F470A5700C13C00 /* ViewController.swift in Sources */ = {isa = PBXBuildFile; fileRef = A4FE7BF11F470A5700C13C00 /* ViewController.swift */; };
		A4FE7BF51F470A5700C13C00 /* Main.storyboard in Resources */ = {isa = PBXBuildFile; fileRef = A4FE7BF31F470A5700C13C00 /* Main.storyboard */; };
		A4FE7BF71F470A5700C13C00 /* Assets.xcassets in Resources */ = {isa = PBXBuildFile; fileRef = A4FE7BF61F470A5700C13C00 /* Assets.xcassets */; };
		A4FE7BFA1F470A5700C13C00 /* LaunchScreen.storyboard in Resources */ = {isa = PBXBuildFile; fileRef = A4FE7BF81F470A5700C13C00 /* LaunchScreen.storyboard */; };
		A4FE7C051F470A5800C13C00 /* SegmentTitleDemoTests.swift in Sources */ = {isa = PBXBuildFile; fileRef = A4FE7C041F470A5800C13C00 /* SegmentTitleDemoTests.swift */; };
		A4FE7C101F470A5800C13C00 /* SegmentTitleDemoUITests.swift in Sources */ = {isa = PBXBuildFile; fileRef = A4FE7C0F1F470A5800C13C00 /* SegmentTitleDemoUITests.swift */; };
		A4FE7C211F470A6E00C13C00 /* SKContentView.swift in Sources */ = {isa = PBXBuildFile; fileRef = A4FE7C1E1F470A6E00C13C00 /* SKContentView.swift */; };
		A4FE7C221F470A6E00C13C00 /* SKSegmentView.swift in Sources */ = {isa = PBXBuildFile; fileRef = A4FE7C1F1F470A6E00C13C00 /* SKSegmentView.swift */; };
		A4FE7C231F470A6E00C13C00 /* SKTitleView.swift in Sources */ = {isa = PBXBuildFile; fileRef = A4FE7C201F470A6E00C13C00 /* SKTitleView.swift */; };
/* End PBXBuildFile section */

/* Begin PBXContainerItemProxy section */
		A4FE7C011F470A5700C13C00 /* PBXContainerItemProxy */ = {
			isa = PBXContainerItemProxy;
			containerPortal = A4FE7BE41F470A5700C13C00 /* Project object */;
			proxyType = 1;
			remoteGlobalIDString = A4FE7BEB1F470A5700C13C00;
			remoteInfo = SegmentTitleDemo;
		};
		A4FE7C0C1F470A5800C13C00 /* PBXContainerItemProxy */ = {
			isa = PBXContainerItemProxy;
			containerPortal = A4FE7BE41F470A5700C13C00 /* Project object */;
			proxyType = 1;
			remoteGlobalIDString = A4FE7BEB1F470A5700C13C00;
			remoteInfo = SegmentTitleDemo;
		};
/* End PBXContainerItemProxy section */

/* Begin PBXFileReference section */
		A4FE7BEC1F470A5700C13C00 /* SegmentTitleDemo.app */ = {isa = PBXFileReference; explicitFileType = wrapper.application; includeInIndex = 0; path = SegmentTitleDemo.app; sourceTree = BUILT_PRODUCTS_DIR; };
		A4FE7BEF1F470A5700C13C00 /* AppDelegate.swift */ = {isa = PBXFileReference; lastKnownFileType = sourcecode.swift; path = AppDelegate.swift; sourceTree = "<group>"; };
		A4FE7BF11F470A5700C13C00 /* ViewController.swift */ = {isa = PBXFileReference; lastKnownFileType = sourcecode.swift; path = ViewController.swift; sourceTree = "<group>"; };
		A4FE7BF41F470A5700C13C00 /* Base */ = {isa = PBXFileReference; lastKnownFileType = file.storyboard; name = Base; path = Base.lproj/Main.storyboard; sourceTree = "<group>"; };
		A4FE7BF61F470A5700C13C00 /* Assets.xcassets */ = {isa = PBXFileReference; lastKnownFileType = folder.assetcatalog; path = Assets.xcassets; sourceTree = "<group>"; };
		A4FE7BF91F470A5700C13C00 /* Base */ = {isa = PBXFileReference; lastKnownFileType = file.storyboard; name = Base; path = Base.lproj/LaunchScreen.storyboard; sourceTree = "<group>"; };
		A4FE7BFB1F470A5700C13C00 /* Info.plist */ = {isa = PBXFileReference; lastKnownFileType = text.plist.xml; path = Info.plist; sourceTree = "<group>"; };
		A4FE7C001F470A5700C13C00 /* SegmentTitleDemoTests.xctest */ = {isa = PBXFileReference; explicitFileType = wrapper.cfbundle; includeInIndex = 0; path = SegmentTitleDemoTests.xctest; sourceTree = BUILT_PRODUCTS_DIR; };
		A4FE7C041F470A5800C13C00 /* SegmentTitleDemoTests.swift */ = {isa = PBXFileReference; lastKnownFileType = sourcecode.swift; path = SegmentTitleDemoTests.swift; sourceTree = "<group>"; };
		A4FE7C061F470A5800C13C00 /* Info.plist */ = {isa = PBXFileReference; lastKnownFileType = text.plist.xml; path = Info.plist; sourceTree = "<group>"; };
		A4FE7C0B1F470A5800C13C00 /* SegmentTitleDemoUITests.xctest */ = {isa = PBXFileReference; explicitFileType = wrapper.cfbundle; includeInIndex = 0; path = SegmentTitleDemoUITests.xctest; sourceTree = BUILT_PRODUCTS_DIR; };
		A4FE7C0F1F470A5800C13C00 /* SegmentTitleDemoUITests.swift */ = {isa = PBXFileReference; lastKnownFileType = sourcecode.swift; path = SegmentTitleDemoUITests.swift; sourceTree = "<group>"; };
		A4FE7C111F470A5800C13C00 /* Info.plist */ = {isa = PBXFileReference; lastKnownFileType = text.plist.xml; path = Info.plist; sourceTree = "<group>"; };
		A4FE7C1E1F470A6E00C13C00 /* SKContentView.swift */ = {isa = PBXFileReference; fileEncoding = 4; lastKnownFileType = sourcecode.swift; path = SKContentView.swift; sourceTree = "<group>"; };
		A4FE7C1F1F470A6E00C13C00 /* SKSegmentView.swift */ = {isa = PBXFileReference; fileEncoding = 4; lastKnownFileType = sourcecode.swift; path = SKSegmentView.swift; sourceTree = "<group>"; };
		A4FE7C201F470A6E00C13C00 /* SKTitleView.swift */ = {isa = PBXFileReference; fileEncoding = 4; lastKnownFileType = sourcecode.swift; path = SKTitleView.swift; sourceTree = "<group>"; };
/* End PBXFileReference section */

/* Begin PBXFrameworksBuildPhase section */
		A4FE7BE91F470A5700C13C00 /* Frameworks */ = {
			isa = PBXFrameworksBuildPhase;
			buildActionMask = 2147483647;
			files = (
			);
			runOnlyForDeploymentPostprocessing = 0;
		};
		A4FE7BFD1F470A5700C13C00 /* Frameworks */ = {
			isa = PBXFrameworksBuildPhase;
			buildActionMask = 2147483647;
			files = (
			);
			runOnlyForDeploymentPostprocessing = 0;
		};
		A4FE7C081F470A5800C13C00 /* Frameworks */ = {
			isa = PBXFrameworksBuildPhase;
			buildActionMask = 2147483647;
			files = (
			);
			runOnlyForDeploymentPostprocessing = 0;
		};
/* End PBXFrameworksBuildPhase section */

/* Begin PBXGroup section */
		A4FE7BE31F470A5700C13C00 = {
			isa = PBXGroup;
			children = (
				A4FE7BEE1F470A5700C13C00 /* SegmentTitleDemo */,
				A4FE7C031F470A5700C13C00 /* SegmentTitleDemoTests */,
				A4FE7C0E1F470A5800C13C00 /* SegmentTitleDemoUITests */,
				A4FE7BED1F470A5700C13C00 /* Products */,
			);
			sourceTree = "<group>";
		};
		A4FE7BED1F470A5700C13C00 /* Products */ = {
			isa = PBXGroup;
			children = (
				A4FE7BEC1F470A5700C13C00 /* SegmentTitleDemo.app */,
				A4FE7C001F470A5700C13C00 /* SegmentTitleDemoTests.xctest */,
				A4FE7C0B1F470A5800C13C00 /* SegmentTitleDemoUITests.xctest */,
			);
			name = Products;
			sourceTree = "<group>";
		};
		A4FE7BEE1F470A5700C13C00 /* SegmentTitleDemo */ = {
			isa = PBXGroup;
			children = (
				A4FE7C1D1F470A6E00C13C00 /* SegmentTitle */,
				A4FE7BEF1F470A5700C13C00 /* AppDelegate.swift */,
				A4FE7BF11F470A5700C13C00 /* ViewController.swift */,
				A4FE7BF31F470A5700C13C00 /* Main.storyboard */,
				A4FE7BF61F470A5700C13C00 /* Assets.xcassets */,
				A4FE7BF81F470A5700C13C00 /* LaunchScreen.storyboard */,
				A4FE7BFB1F470A5700C13C00 /* Info.plist */,
			);
			path = SegmentTitleDemo;
			sourceTree = "<group>";
		};
		A4FE7C031F470A5700C13C00 /* SegmentTitleDemoTests */ = {
			isa = PBXGroup;
			children = (
				A4FE7C041F470A5800C13C00 /* SegmentTitleDemoTests.swift */,
				A4FE7C061F470A5800C13C00 /* Info.plist */,
			);
			path = SegmentTitleDemoTests;
			sourceTree = "<group>";
		};
		A4FE7C0E1F470A5800C13C00 /* SegmentTitleDemoUITests */ = {
			isa = PBXGroup;
			children = (
				A4FE7C0F1F470A5800C13C00 /* SegmentTitleDemoUITests.swift */,
				A4FE7C111F470A5800C13C00 /* Info.plist */,
			);
			path = SegmentTitleDemoUITests;
			sourceTree = "<group>";
		};
		A4FE7C1D1F470A6E00C13C00 /* SegmentTitle */ = {
			isa = PBXGroup;
			children = (
				A4FE7C1E1F470A6E00C13C00 /* SKContentView.swift */,
				A4FE7C1F1F470A6E00C13C00 /* SKSegmentView.swift */,
				A4FE7C201F470A6E00C13C00 /* SKTitleView.swift */,
			);
			path = SegmentTitle;
			sourceTree = "<group>";
		};
/* End PBXGroup section */

/* Begin PBXNativeTarget section */
		A4FE7BEB1F470A5700C13C00 /* SegmentTitleDemo */ = {
			isa = PBXNativeTarget;
			buildConfigurationList = A4FE7C141F470A5800C13C00 /* Build configuration list for PBXNativeTarget "SegmentTitleDemo" */;
			buildPhases = (
				A4FE7BE81F470A5700C13C00 /* Sources */,
				A4FE7BE91F470A5700C13C00 /* Frameworks */,
				A4FE7BEA1F470A5700C13C00 /* Resources */,
			);
			buildRules = (
			);
			dependencies = (
			);
			name = SegmentTitleDemo;
			productName = SegmentTitleDemo;
			productReference = A4FE7BEC1F470A5700C13C00 /* SegmentTitleDemo.app */;
			productType = "com.apple.product-type.application";
		};
		A4FE7BFF1F470A5700C13C00 /* SegmentTitleDemoTests */ = {
			isa = PBXNativeTarget;
			buildConfigurationList = A4FE7C171F470A5800C13C00 /* Build configuration list for PBXNativeTarget "SegmentTitleDemoTests" */;
			buildPhases = (
				A4FE7BFC1F470A5700C13C00 /* Sources */,
				A4FE7BFD1F470A5700C13C00 /* Frameworks */,
				A4FE7BFE1F470A5700C13C00 /* Resources */,
			);
			buildRules = (
			);
			dependencies = (
				A4FE7C021F470A5700C13C00 /* PBXTargetDependency */,
			);
			name = SegmentTitleDemoTests;
			productName = SegmentTitleDemoTests;
			productReference = A4FE7C001F470A5700C13C00 /* SegmentTitleDemoTests.xctest */;
			productType = "com.apple.product-type.bundle.unit-test";
		};
		A4FE7C0A1F470A5800C13C00 /* SegmentTitleDemoUITests */ = {
			isa = PBXNativeTarget;
			buildConfigurationList = A4FE7C1A1F470A5800C13C00 /* Build configuration list for PBXNativeTarget "SegmentTitleDemoUITests" */;
			buildPhases = (
				A4FE7C071F470A5800C13C00 /* Sources */,
				A4FE7C081F470A5800C13C00 /* Frameworks */,
				A4FE7C091F470A5800C13C00 /* Resources */,
			);
			buildRules = (
			);
			dependencies = (
				A4FE7C0D1F470A5800C13C00 /* PBXTargetDependency */,
			);
			name = SegmentTitleDemoUITests;
			productName = SegmentTitleDemoUITests;
			productReference = A4FE7C0B1F470A5800C13C00 /* SegmentTitleDemoUITests.xctest */;
			productType = "com.apple.product-type.bundle.ui-testing";
		};
/* End PBXNativeTarget section */

/* Begin PBXProject section */
		A4FE7BE41F470A5700C13C00 /* Project object */ = {
			isa = PBXProject;
			attributes = {
				LastSwiftUpdateCheck = 0830;
				LastUpgradeCheck = 0830;
				ORGANIZATIONNAME = sun;
				TargetAttributes = {
					A4FE7BEB1F470A5700C13C00 = {
						CreatedOnToolsVersion = 8.3.2;
						ProvisioningStyle = Automatic;
					};
					A4FE7BFF1F470A5700C13C00 = {
						CreatedOnToolsVersion = 8.3.2;
						ProvisioningStyle = Automatic;
						TestTargetID = A4FE7BEB1F470A5700C13C00;
					};
					A4FE7C0A1F470A5800C13C00 = {
						CreatedOnToolsVersion = 8.3.2;
						ProvisioningStyle = Automatic;
						TestTargetID = A4FE7BEB1F470A5700C13C00;
					};
				};
			};
			buildConfigurationList = A4FE7BE71F470A5700C13C00 /* Build configuration list for PBXProject "SegmentTitleDemo" */;
			compatibilityVersion = "Xcode 3.2";
			developmentRegion = English;
			hasScannedForEncodings = 0;
			knownRegions = (
				en,
				Base,
			);
			mainGroup = A4FE7BE31F470A5700C13C00;
			productRefGroup = A4FE7BED1F470A5700C13C00 /* Products */;
			projectDirPath = "";
			projectRoot = "";
			targets = (
				A4FE7BEB1F470A5700C13C00 /* SegmentTitleDemo */,
				A4FE7BFF1F470A5700C13C00 /* SegmentTitleDemoTests */,
				A4FE7C0A1F470A5800C13C00 /* SegmentTitleDemoUITests */,
			);
		};
/* End PBXProject section */

/* Begin PBXResourcesBuildPhase section */
		A4FE7BEA1F470A5700C13C00 /* Resources */ = {
			isa = PBXResourcesBuildPhase;
			buildActionMask = 2147483647;
			files = (
				A4FE7BFA1F470A5700C13C00 /* LaunchScreen.storyboard in Resources */,
				A4FE7BF71F470A5700C13C00 /* Assets.xcassets in Resources */,
				A4FE7BF51F470A5700C13C00 /* Main.storyboard in Resources */,
			);
			runOnlyForDeploymentPostprocessing = 0;
		};
		A4FE7BFE1F470A5700C13C00 /* Resources */ = {
			isa = PBXResourcesBuildPhase;
			buildActionMask = 2147483647;
			files = (
			);
			runOnlyForDeploymentPostprocessing = 0;
		};
		A4FE7C091F470A5800C13C00 /* Resources */ = {
			isa = PBXResourcesBuildPhase;
			buildActionMask = 2147483647;
			files = (
			);
			runOnlyForDeploymentPostprocessing = 0;
		};
/* End PBXResourcesBuildPhase section */

/* Begin PBXSourcesBuildPhase section */
		A4FE7BE81F470A5700C13C00 /* Sources */ = {
			isa = PBXSourcesBuildPhase;
			buildActionMask = 2147483647;
			files = (
				A4FE7C211F470A6E00C13C00 /* SKContentView.swift in Sources */,
				A4FE7BF21F470A5700C13C00 /* ViewController.swift in Sources */,
				A4FE7C221F470A6E00C13C00 /* SKSegmentView.swift in Sources */,
				A4FE7C231F470A6E00C13C00 /* SKTitleView.swift in Sources */,
				A4FE7BF01F470A5700C13C00 /* AppDelegate.swift in Sources */,
			);
			runOnlyForDeploymentPostprocessing = 0;
		};
		A4FE7BFC1F470A5700C13C00 /* Sources */ = {
			isa = PBXSourcesBuildPhase;
			buildActionMask = 2147483647;
			files = (
				A4FE7C051F470A5800C13C00 /* SegmentTitleDemoTests.swift in Sources */,
			);
			runOnlyForDeploymentPostprocessing = 0;
		};
		A4FE7C071F470A5800C13C00 /* Sources */ = {
			isa = PBXSourcesBuildPhase;
			buildActionMask = 2147483647;
			files = (
				A4FE7C101F470A5800C13C00 /* SegmentTitleDemoUITests.swift in Sources */,
			);
			runOnlyForDeploymentPostprocessing = 0;
		};
/* End PBXSourcesBuildPhase section */

/* Begin PBXTargetDependency section */
		A4FE7C021F470A5700C13C00 /* PBXTargetDependency */ = {
			isa = PBXTargetDependency;
			target = A4FE7BEB1F470A5700C13C00 /* SegmentTitleDemo */;
			targetProxy = A4FE7C011F470A5700C13C00 /* PBXContainerItemProxy */;
		};
		A4FE7C0D1F470A5800C13C00 /* PBXTargetDependency */ = {
			isa = PBXTargetDependency;
			target = A4FE7BEB1F470A5700C13C00 /* SegmentTitleDemo */;
			targetProxy = A4FE7C0C1F470A5800C13C00 /* PBXContainerItemProxy */;
		};
/* End PBXTargetDependency section */

/* Begin PBXVariantGroup section */
		A4FE7BF31F470A5700C13C00 /* Main.storyboard */ = {
			isa = PBXVariantGroup;
			children = (
				A4FE7BF41F470A5700C13C00 /* Base */,
			);
			name = Main.storyboard;
			sourceTree = "<group>";
		};
		A4FE7BF81F470A5700C13C00 /* LaunchScreen.storyboard */ = {
			isa = PBXVariantGroup;
			children = (
				A4FE7BF91F470A5700C13C00 /* Base */,
			);
			name = LaunchScreen.storyboard;
			sourceTree = "<group>";
		};
/* End PBXVariantGroup section */

/* Begin XCBuildConfiguration section */
		A4FE7C121F470A5800C13C00 /* Debug */ = {
			isa = XCBuildConfiguration;
			buildSettings = {
				ALWAYS_SEARCH_USER_PATHS = NO;
				CLANG_ANALYZER_NONNULL = YES;
				CLANG_ANALYZER_NUMBER_OBJECT_CONVERSION = YES_AGGRESSIVE;
				CLANG_CXX_LANGUAGE_STANDARD = "gnu++0x";
				CLANG_CXX_LIBRARY = "libc++";
				CLANG_ENABLE_MODULES = YES;
				CLANG_ENABLE_OBJC_ARC = YES;
				CLANG_WARN_BOOL_CONVERSION = YES;
				CLANG_WARN_CONSTANT_CONVERSION = YES;
				CLANG_WARN_DIRECT_OBJC_ISA_USAGE = YES_ERROR;
				CLANG_WARN_DOCUMENTATION_COMMENTS = YES;
				CLANG_WARN_EMPTY_BODY = YES;
				CLANG_WARN_ENUM_CONVERSION = YES;
				CLANG_WARN_INFINITE_RECURSION = YES;
				CLANG_WARN_INT_CONVERSION = YES;
				CLANG_WARN_OBJC_ROOT_CLASS = YES_ERROR;
				CLANG_WARN_SUSPICIOUS_MOVE = YES;
				CLANG_WARN_UNREACHABLE_CODE = YES;
				CLANG_WARN__DUPLICATE_METHOD_MATCH = YES;
				"CODE_SIGN_IDENTITY[sdk=iphoneos*]" = "iPhone Developer";
				COPY_PHASE_STRIP = NO;
				DEBUG_INFORMATION_FORMAT = dwarf;
				ENABLE_STRICT_OBJC_MSGSEND = YES;
				ENABLE_TESTABILITY = YES;
				GCC_C_LANGUAGE_STANDARD = gnu99;
				GCC_DYNAMIC_NO_PIC = NO;
				GCC_NO_COMMON_BLOCKS = YES;
				GCC_OPTIMIZATION_LEVEL = 0;
				GCC_PREPROCESSOR_DEFINITIONS = (
					"DEBUG=1",
					"$(inherited)",
				);
				GCC_WARN_64_TO_32_BIT_CONVERSION = YES;
				GCC_WARN_ABOUT_RETURN_TYPE = YES_ERROR;
				GCC_WARN_UNDECLARED_SELECTOR = YES;
				GCC_WARN_UNINITIALIZED_AUTOS = YES_AGGRESSIVE;
				GCC_WARN_UNUSED_FUNCTION = YES;
				GCC_WARN_UNUSED_VARIABLE = YES;
				IPHONEOS_DEPLOYMENT_TARGET = 10.3;
				MTL_ENABLE_DEBUG_INFO = YES;
				ONLY_ACTIVE_ARCH = YES;
				SDKROOT = iphoneos;
				SWIFT_ACTIVE_COMPILATION_CONDITIONS = DEBUG;
				SWIFT_OPTIMIZATION_LEVEL = "-Onone";
				TARGETED_DEVICE_FAMILY = "1,2";
			};
			name = Debug;
		};
		A4FE7C131F470A5800C13C00 /* Release */ = {
			isa = XCBuildConfiguration;
			buildSettings = {
				ALWAYS_SEARCH_USER_PATHS = NO;
				CLANG_ANALYZER_NONNULL = YES;
				CLANG_ANALYZER_NUMBER_OBJECT_CONVERSION = YES_AGGRESSIVE;
				CLANG_CXX_LANGUAGE_STANDARD = "gnu++0x";
				CLANG_CXX_LIBRARY = "libc++";
				CLANG_ENABLE_MODULES = YES;
				CLANG_ENABLE_OBJC_ARC = YES;
				CLANG_WARN_BOOL_CONVERSION = YES;
				CLANG_WARN_CONSTANT_CONVERSION = YES;
				CLANG_WARN_DIRECT_OBJC_ISA_USAGE = YES_ERROR;
				CLANG_WARN_DOCUMENTATION_COMMENTS = YES;
				CLANG_WARN_EMPTY_BODY = YES;
				CLANG_WARN_ENUM_CONVERSION = YES;
				CLANG_WARN_INFINITE_RECURSION = YES;
				CLANG_WARN_INT_CONVERSION = YES;
				CLANG_WARN_OBJC_ROOT_CLASS = YES_ERROR;
				CLANG_WARN_SUSPICIOUS_MOVE = YES;
				CLANG_WARN_UNREACHABLE_CODE = YES;
				CLANG_WARN__DUPLICATE_METHOD_MATCH = YES;
				"CODE_SIGN_IDENTITY[sdk=iphoneos*]" = "iPhone Developer";
				COPY_PHASE_STRIP = NO;
				DEBUG_INFORMATION_FORMAT = "dwarf-with-dsym";
				ENABLE_NS_ASSERTIONS = NO;
				ENABLE_STRICT_OBJC_MSGSEND = YES;
				GCC_C_LANGUAGE_STANDARD = gnu99;
				GCC_NO_COMMON_BLOCKS = YES;
				GCC_WARN_64_TO_32_BIT_CONVERSION = YES;
				GCC_WARN_ABOUT_RETURN_TYPE = YES_ERROR;
				GCC_WARN_UNDECLARED_SELECTOR = YES;
				GCC_WARN_UNINITIALIZED_AUTOS = YES_AGGRESSIVE;
				GCC_WARN_UNUSED_FUNCTION = YES;
				GCC_WARN_UNUSED_VARIABLE = YES;
				IPHONEOS_DEPLOYMENT_TARGET = 10.3;
				MTL_ENABLE_DEBUG_INFO = NO;
				SDKROOT = iphoneos;
				SWIFT_OPTIMIZATION_LEVEL = "-Owholemodule";
				TARGETED_DEVICE_FAMILY = "1,2";
				VALIDATE_PRODUCT = YES;
			};
			name = Release;
		};
		A4FE7C151F470A5800C13C00 /* Debug */ = {
			isa = XCBuildConfiguration;
			buildSettings = {
				ASSETCATALOG_COMPILER_APPICON_NAME = AppIcon;
				INFOPLIST_FILE = SegmentTitleDemo/Info.plist;
				LD_RUNPATH_SEARCH_PATHS = "$(inherited) @executable_path/Frameworks";
				PRODUCT_BUNDLE_IDENTIFIER = com.sun.SegmentTitleDemo;
				PRODUCT_NAME = "$(TARGET_NAME)";
				SWIFT_VERSION = 3.0;
			};
			name = Debug;
		};
		A4FE7C161F470A5800C13C00 /* Release */ = {
			isa = XCBuildConfiguration;
			buildSettings = {
				ASSETCATALOG_COMPILER_APPICON_NAME = AppIcon;
				INFOPLIST_FILE = SegmentTitleDemo/Info.plist;
				LD_RUNPATH_SEARCH_PATHS = "$(inherited) @executable_path/Frameworks";
				PRODUCT_BUNDLE_IDENTIFIER = com.sun.SegmentTitleDemo;
				PRODUCT_NAME = "$(TARGET_NAME)";
				SWIFT_VERSION = 3.0;
			};
			name = Release;
		};
		A4FE7C181F470A5800C13C00 /* Debug */ = {
			isa = XCBuildConfiguration;
			buildSettings = {
				ALWAYS_EMBED_SWIFT_STANDARD_LIBRARIES = YES;
				BUNDLE_LOADER = "$(TEST_HOST)";
				INFOPLIST_FILE = SegmentTitleDemoTests/Info.plist;
				LD_RUNPATH_SEARCH_PATHS = "$(inherited) @executable_path/Frameworks @loader_path/Frameworks";
				PRODUCT_BUNDLE_IDENTIFIER = com.sun.SegmentTitleDemoTests;
				PRODUCT_NAME = "$(TARGET_NAME)";
				SWIFT_VERSION = 3.0;
				TEST_HOST = "$(BUILT_PRODUCTS_DIR)/SegmentTitleDemo.app/SegmentTitleDemo";
			};
			name = Debug;
		};
		A4FE7C191F470A5800C13C00 /* Release */ = {
			isa = XCBuildConfiguration;
			buildSettings = {
				ALWAYS_EMBED_SWIFT_STANDARD_LIBRARIES = YES;
				BUNDLE_LOADER = "$(TEST_HOST)";
				INFOPLIST_FILE = SegmentTitleDemoTests/Info.plist;
				LD_RUNPATH_SEARCH_PATHS = "$(inherited) @executable_path/Frameworks @loader_path/Frameworks";
				PRODUCT_BUNDLE_IDENTIFIER = com.sun.SegmentTitleDemoTests;
				PRODUCT_NAME = "$(TARGET_NAME)";
				SWIFT_VERSION = 3.0;
				TEST_HOST = "$(BUILT_PRODUCTS_DIR)/SegmentTitleDemo.app/SegmentTitleDemo";
			};
			name = Release;
		};
		A4FE7C1B1F470A5800C13C00 /* Debug */ = {
			isa = XCBuildConfiguration;
			buildSettings = {
				ALWAYS_EMBED_SWIFT_STANDARD_LIBRARIES = YES;
				INFOPLIST_FILE = SegmentTitleDemoUITests/Info.plist;
				LD_RUNPATH_SEARCH_PATHS = "$(inherited) @executable_path/Frameworks @loader_path/Frameworks";
				PRODUCT_BUNDLE_IDENTIFIER = com.sun.SegmentTitleDemoUITests;
				PRODUCT_NAME = "$(TARGET_NAME)";
				SWIFT_VERSION = 3.0;
				TEST_TARGET_NAME = SegmentTitleDemo;
			};
			name = Debug;
		};
		A4FE7C1C1F470A5800C13C00 /* Release */ = {
			isa = XCBuildConfiguration;
			buildSettings = {
				ALWAYS_EMBED_SWIFT_STANDARD_LIBRARIES = YES;
				INFOPLIST_FILE = SegmentTitleDemoUITests/Info.plist;
				LD_RUNPATH_SEARCH_PATHS = "$(inherited) @executable_path/Frameworks @loader_path/Frameworks";
				PRODUCT_BUNDLE_IDENTIFIER = com.sun.SegmentTitleDemoUITests;
				PRODUCT_NAME = "$(TARGET_NAME)";
				SWIFT_VERSION = 3.0;
				TEST_TARGET_NAME = SegmentTitleDemo;
			};
			name = Release;
		};
/* End XCBuildConfiguration section */

/* Begin XCConfigurationList section */
		A4FE7BE71F470A5700C13C00 /* Build configuration list for PBXProject "SegmentTitleDemo" */ = {
			isa = XCConfigurationList;
			buildConfigurations = (
				A4FE7C121F470A5800C13C00 /* Debug */,
				A4FE7C131F470A5800C13C00 /* Release */,
			);
			defaultConfigurationIsVisible = 0;
			defaultConfigurationName = Release;
		};
		A4FE7C141F470A5800C13C00 /* Build configuration list for PBXNativeTarget "SegmentTitleDemo" */ = {
			isa = XCConfigurationList;
			buildConfigurations = (
				A4FE7C151F470A5800C13C00 /* Debug */,
				A4FE7C161F470A5800C13C00 /* Release */,
			);
			defaultConfigurationIsVisible = 0;
		};
		A4FE7C171F470A5800C13C00 /* Build configuration list for PBXNativeTarget "SegmentTitleDemoTests" */ = {
			isa = XCConfigurationList;
			buildConfigurations = (
				A4FE7C181F470A5800C13C00 /* Debug */,
				A4FE7C191F470A5800C13C00 /* Release */,
			);
			defaultConfigurationIsVisible = 0;
		};
		A4FE7C1A1F470A5800C13C00 /* Build configuration list for PBXNativeTarget "SegmentTitleDemoUITests" */ = {
			isa = XCConfigurationList;
			buildConfigurations = (
				A4FE7C1B1F470A5800C13C00 /* Debug */,
				A4FE7C1C1F470A5800C13C00 /* Release */,
			);
			defaultConfigurationIsVisible = 0;
		};
/* End XCConfigurationList section */
	};
	rootObject = A4FE7BE41F470A5700C13C00 /* Project object */;
}
